
Microsoft Visual Studio Solution File, Format Version 12.00
# Visual Studio Version 16
VisualStudioVersion = 16.0.31105.61
MinimumVisualStudioVersion = 10.0.40219.1
Project("{9A19103F-16F7-4668-BE54-9A1E7A4F7556}") = "VotingApi", "VotingApi\VotingApi.Api\VotingApi.csproj", "{C21B00D9-4415-46C1-AF37-241B4D80E79F}"
EndProject
Project("{9A19103F-16F7-4668-BE54-9A1E7A4F7556}") = "VotingApi.Tests", "VotingApi\VotingApi.Tests\VotingApi.Tests.csproj", "{136F3731-5009-465C-9861-91B1362777EE}"
EndProject
Global
	GlobalSection(SolutionConfigurationPlatforms) = preSolution
		Debug|Any CPU = Debug|Any CPU
		Release|Any CPU = Release|Any CPU
	EndGlobalSection
	GlobalSection(ProjectConfigurationPlatforms) = postSolution
		{C21B00D9-4415-46C1-AF37-241B4D80E79F}.Debug|Any CPU.ActiveCfg = Debug|Any CPU
		{C21B00D9-4415-46C1-AF37-241B4D80E79F}.Debug|Any CPU.Build.0 = Debug|Any CPU
		{C21B00D9-4415-46C1-AF37-241B4D80E79F}.Release|Any CPU.ActiveCfg = Release|Any CPU
		{C21B00D9-4415-46C1-AF37-241B4D80E79F}.Release|Any CPU.Build.0 = Release|Any CPU
		{136F3731-5009-465C-9861-91B1362777EE}.Debug|Any CPU.ActiveCfg = Debug|Any CPU
		{136F3731-5009-465C-9861-91B1362777EE}.Debug|Any CPU.Build.0 = Debug|Any CPU
		{136F3731-5009-465C-9861-91B1362777EE}.Release|Any CPU.ActiveCfg = Release|Any CPU
		{136F3731-5009-465C-9861-91B1362777EE}.Release|Any CPU.Build.0 = Release|Any CPU
	EndGlobalSection
	GlobalSection(SolutionProperties) = preSolution
		HideSolutionNode = FALSE
	EndGlobalSection
	GlobalSection(ExtensibilityGlobals) = postSolution
		SolutionGuid = {66C94EEA-DD30-46A1-9782-336447C2AE77}
	EndGlobalSection
EndGlobal
